<?xml version="1.0" encoding="utf-8"?>
<Project ToolsVersion="4.0" xmlns="http://schemas.microsoft.com/developer/msbuild/2003">
  <ItemGroup>
    <Filter Include="소스 파일">
      <UniqueIdentifier>{4FC737F1-C7A5-4376-A066-2A32D752A2FF}</UniqueIdentifier>
      <Extensions>cpp;c;cc;cxx;def;odl;idl;hpj;bat;asm;asmx</Extensions>
    </Filter>
    <Filter Include="헤더 파일">
      <UniqueIdentifier>{93995380-89BD-4b04-88EB-625FBE52EBFB}</UniqueIdentifier>
      <Extensions>h;hh;hpp;hxx;hm;inl;inc;xsd</Extensions>
    </Filter>
    <Filter Include="리소스 파일">
      <UniqueIdentifier>{67DA6AB6-F800-4c08-8B7A-83BB121AAD01}</UniqueIdentifier>
      <Extensions>rc;ico;cur;bmp;dlg;rc2;rct;bin;rgs;gif;jpg;jpeg;jpe;resx;tiff;tif;png;wav;mfcribbon-ms</Extensions>
    </Filter>
    <Filter Include="99. Header">
      <UniqueIdentifier>{fbe2a4a3-fba0-4c49-8f48-026bfd31270f}</UniqueIdentifier>
    </Filter>
    <Filter Include="00. MainGame">
      <UniqueIdentifier>{2d3279d5-6d01-45c7-bb99-c63f14a76ad9}</UniqueIdentifier>
    </Filter>
    <Filter Include="01.StageST">
      <UniqueIdentifier>{048a953a-73cd-4935-a09a-3b77fdaae062}</UniqueIdentifier>
    </Filter>
    <Filter Include="00.StageSelect">
      <UniqueIdentifier>{2bd508b5-4081-42d5-a4d0-fd830193c79d}</UniqueIdentifier>
    </Filter>
    <Filter Include="02.StageGH">
      <UniqueIdentifier>{4450d9ae-57f7-4267-85ec-b036f70c091b}</UniqueIdentifier>
    </Filter>
    <Filter Include="03.StageYM">
      <UniqueIdentifier>{51c5e8bd-7118-4af8-8e24-6e94183af51c}</UniqueIdentifier>
    </Filter>
    <Filter Include="04.StageHS">
      <UniqueIdentifier>{010a1f89-746c-4c59-a4a6-57f407c8d8bd}</UniqueIdentifier>
    </Filter>
    <Filter Include="05.StageHR">
      <UniqueIdentifier>{07a19786-0e93-40c1-a53b-e5c84362b852}</UniqueIdentifier>
    </Filter>
    <Filter Include="98.Design">
      <UniqueIdentifier>{f04ee711-6f2c-4d48-9202-3abcf5607485}</UniqueIdentifier>
    </Filter>
    <Filter Include="98.Design\ObjMgr">
      <UniqueIdentifier>{a098d33e-af29-4ae1-a6ae-d760618f7bda}</UniqueIdentifier>
    </Filter>
    <Filter Include="98.Design\CollisionMgr">
      <UniqueIdentifier>{ca000100-e638-4cf7-9fd1-692a4b881ba8}</UniqueIdentifier>
    </Filter>
    <Filter Include="98.Design\SceneMgr">
      <UniqueIdentifier>{065d0aec-a144-47b3-97ff-08723760a0c3}</UniqueIdentifier>
    </Filter>
    <Filter Include="98.Design\KeyMgr">
      <UniqueIdentifier>{2b575249-b28c-4949-96b8-71ca23651039}</UniqueIdentifier>
    </Filter>
    <Filter Include="98.Design\ScrollMgr">
      <UniqueIdentifier>{baf81cb0-4c63-4bd7-bb8b-b0d2708b8b31}</UniqueIdentifier>
    </Filter>
    <Filter Include="98.Design\SoundMgr">
      <UniqueIdentifier>{1a7b8ef8-2091-4b1c-bc19-caf9ee2c75be}</UniqueIdentifier>
    </Filter>
    <Filter Include="98.Design\AbstractFactory">
      <UniqueIdentifier>{b557acf0-1e6a-45f5-ac8f-f52e1ae17bb0}</UniqueIdentifier>
    </Filter>
    <Filter Include="10.Obj">
      <UniqueIdentifier>{97fc7cb6-d3a3-404f-bee3-ed7aac86f45f}</UniqueIdentifier>
    </Filter>
    <Filter Include="11.Scene">
      <UniqueIdentifier>{a99a1313-840a-4441-b4f8-735dc7bdcc9d}</UniqueIdentifier>
    </Filter>
    <Filter Include="00.StageSelect\SelectObj">
      <UniqueIdentifier>{30673d66-b727-43c4-ac7f-ba27a0c708f5}</UniqueIdentifier>
    </Filter>
    <Filter Include="01.StageST\STObj">
      <UniqueIdentifier>{c91568ba-1c51-4366-8827-f9ce8e185221}</UniqueIdentifier>
    </Filter>
    <Filter Include="01.StageST\STObj\STPlayer">
      <UniqueIdentifier>{bc87a0ea-e5c3-4b9c-b118-23af02ef9935}</UniqueIdentifier>
    </Filter>
    <Filter Include="01.StageST\STObj\STMonster">
      <UniqueIdentifier>{c74ec3a3-edbe-48ed-97c3-c0e21c9225ea}</UniqueIdentifier>
    </Filter>
    <Filter Include="00.StageSelect\SelectObj\SelectPlayer">
      <UniqueIdentifier>{e77ee54f-11fc-4c80-9a58-90fc5a692cb3}</UniqueIdentifier>
    </Filter>
    <Filter Include="00.StageSelect\SelectObj\SelectMonster">
      <UniqueIdentifier>{6f7c6ffb-911f-44f7-a38e-ba5c8c7caa32}</UniqueIdentifier>
    </Filter>
    <Filter Include="02.StageGH\GHObj">
      <UniqueIdentifier>{4706c14b-222f-42c8-99eb-8459063b7142}</UniqueIdentifier>
    </Filter>
    <Filter Include="02.StageGH\GHObj\GHPlayer">
      <UniqueIdentifier>{d8a2cbba-7440-4dad-b68e-78c725367da2}</UniqueIdentifier>
    </Filter>
    <Filter Include="02.StageGH\GHObj\GHMonster">
      <UniqueIdentifier>{8de1597e-2610-4eeb-82d3-3208f92c7873}</UniqueIdentifier>
    </Filter>
    <Filter Include="03.StageYM\YMObj">
      <UniqueIdentifier>{4f820767-0edf-4104-a852-5144217376d0}</UniqueIdentifier>
    </Filter>
    <Filter Include="03.StageYM\YMObj\YMMonster">
      <UniqueIdentifier>{043eeb59-aca6-4f5f-b5b6-8ad53588aba8}</UniqueIdentifier>
    </Filter>
    <Filter Include="03.StageYM\YMObj\YMPlayer">
      <UniqueIdentifier>{092b3a67-4561-4b9d-ba76-be3871272bde}</UniqueIdentifier>
    </Filter>
    <Filter Include="04.StageHS\HSObj">
      <UniqueIdentifier>{7b392266-8d83-4fe9-b766-7e944b729580}</UniqueIdentifier>
    </Filter>
    <Filter Include="04.StageHS\HSObj\HSMonster">
      <UniqueIdentifier>{c176a311-b26a-4566-9a67-fd6ad127c92f}</UniqueIdentifier>
    </Filter>
    <Filter Include="05.StageHR\HRObj">
      <UniqueIdentifier>{710fbf36-41b8-4924-99aa-98377e39d929}</UniqueIdentifier>
    </Filter>
    <Filter Include="05.StageHR\HRObj\HRPlayer">
      <UniqueIdentifier>{48b7de81-66a0-4dc9-b2fa-1953a5638ebd}</UniqueIdentifier>
    </Filter>
    <Filter Include="05.StageHR\HRObj\HRMonster">
      <UniqueIdentifier>{b648a2ad-a0a5-4285-b768-b89dc9d351cf}</UniqueIdentifier>
    </Filter>
    <Filter Include="98.Design\BmpMgr">
      <UniqueIdentifier>{79268c31-e7ea-4495-8b98-6cd4207fc553}</UniqueIdentifier>
    </Filter>
    <Filter Include="12.MyBmp">
      <UniqueIdentifier>{9fa6f0e1-0923-4e3e-8dc0-9808bcab16d0}</UniqueIdentifier>
    </Filter>
    <Filter Include="04.StageHS\HSUI">
      <UniqueIdentifier>{2b9f0f58-8c55-4a30-9c49-48cd7de61f68}</UniqueIdentifier>
    </Filter>
    <Filter Include="04.StageHS\HSUI\UIMgr">
      <UniqueIdentifier>{d5ddd0ca-48f5-4119-b726-583ab78c03d7}</UniqueIdentifier>
    </Filter>
    <Filter Include="04.StageHS\HSObj\HSTower">
      <UniqueIdentifier>{113633fb-49be-4af0-90f4-0f37e1c1e45d}</UniqueIdentifier>
    </Filter>
    <Filter Include="04.StageHS\HSObj\HSBullet">
      <UniqueIdentifier>{acfc9c6e-6574-4492-bfb6-76d810a0be7e}</UniqueIdentifier>
    </Filter>
    <Filter Include="02.StageGH\GHObj\GHFloar">
      <UniqueIdentifier>{86a25738-5694-4c22-b948-3c3b30074cbf}</UniqueIdentifier>
    </Filter>
    <Filter Include="03.StageYM\ObjYM">
      <UniqueIdentifier>{e701ab0a-7d13-403a-a6cc-dc625e607a24}</UniqueIdentifier>
    </Filter>
    <Filter Include="02.StageGH\GHObj\GHFloar">
      <UniqueIdentifier>{86a25738-5694-4c22-b948-3c3b30074cbf}</UniqueIdentifier>
    </Filter>
    <Filter Include="03.StageYM\ObjYM">
      <UniqueIdentifier>{e701ab0a-7d13-403a-a6cc-dc625e607a24}</UniqueIdentifier>
    </Filter>
    <Filter Include="04.StageHS\Line">
      <UniqueIdentifier>{8804f6cc-83ed-419a-bd12-6c239e5a05df}</UniqueIdentifier>
    </Filter>
    <Filter Include="04.StageHS\LineMgr">
      <UniqueIdentifier>{e6f105ee-d70e-4cd4-8d33-3f798be0a32b}</UniqueIdentifier>
    </Filter>
    <Filter Include="04.StageHS\HSObj\HSUI">
      <UniqueIdentifier>{8723ae00-89ef-4624-be2c-8c6357d28008}</UniqueIdentifier>
    </Filter>
  </ItemGroup>
  <ItemGroup>
    <Text Include="ReadMe.txt" />
  </ItemGroup>
  <ItemGroup>
    <ClInclude Include="stdafx.h">
      <Filter>헤더 파일</Filter>
    </ClInclude>
    <ClInclude Include="targetver.h">
      <Filter>헤더 파일</Filter>
    </ClInclude>
    <ClInclude Include="Resource.h">
      <Filter>헤더 파일</Filter>
    </ClInclude>
    <ClInclude Include="Default.h">
      <Filter>헤더 파일</Filter>
    </ClInclude>
    <ClInclude Include="Define.h">
      <Filter>99. Header</Filter>
    </ClInclude>
    <ClInclude Include="Struct.h">
      <Filter>99. Header</Filter>
    </ClInclude>
    <ClInclude Include="Functor.h">
      <Filter>99. Header</Filter>
    </ClInclude>
    <ClInclude Include="Enum.h">
      <Filter>99. Header</Filter>
    </ClInclude>
    <ClInclude Include="Include.h">
      <Filter>99. Header</Filter>
    </ClInclude>
    <ClInclude Include="MainGame.h">
      <Filter>00. MainGame</Filter>
    </ClInclude>
    <ClInclude Include="Player.h">
      <Filter>01.StageST\STObj\STPlayer</Filter>
    </ClInclude>
    <ClInclude Include="Monster.h">
      <Filter>01.StageST\STObj\STMonster</Filter>
    </ClInclude>
    <ClInclude Include="Obj.h">
      <Filter>10.Obj</Filter>
    </ClInclude>
    <ClInclude Include="CAbstractFactory.h">
      <Filter>98.Design\AbstractFactory</Filter>
    </ClInclude>
    <ClInclude Include="ObjMgr.h">
      <Filter>98.Design\ObjMgr</Filter>
    </ClInclude>
    <ClInclude Include="CollisionMgr.h">
      <Filter>98.Design\CollisionMgr</Filter>
    </ClInclude>
    <ClInclude Include="SceneMgr.h">
      <Filter>98.Design\SceneMgr</Filter>
    </ClInclude>
    <ClInclude Include="StageST.h">
      <Filter>01.StageST</Filter>
    </ClInclude>
    <ClInclude Include="Scene.h">
      <Filter>11.Scene</Filter>
    </ClInclude>
    <ClInclude Include="KeyMgr.h">
      <Filter>98.Design\KeyMgr</Filter>
    </ClInclude>
    <ClInclude Include="ScrollMgr.h">
      <Filter>98.Design\ScrollMgr</Filter>
    </ClInclude>
    <ClInclude Include="SoundMgr.h">
      <Filter>98.Design\SoundMgr</Filter>
    </ClInclude>
    <ClInclude Include="StageSelect.h">
      <Filter>00.StageSelect</Filter>
    </ClInclude>
    <ClInclude Include="StageGH.h">
      <Filter>02.StageGH</Filter>
    </ClInclude>
    <ClInclude Include="StageYM.h">
      <Filter>03.StageYM</Filter>
    </ClInclude>
    <ClInclude Include="StageHS.h">
      <Filter>04.StageHS</Filter>
    </ClInclude>
    <ClInclude Include="StageHR.h">
      <Filter>05.StageHR</Filter>
    </ClInclude>
    <ClInclude Include="SelectPlayer.h">
      <Filter>00.StageSelect\SelectObj\SelectPlayer</Filter>
    </ClInclude>
    <ClInclude Include="SelectMonster.h">
      <Filter>00.StageSelect\SelectObj\SelectMonster</Filter>
    </ClInclude>
    <ClInclude Include="BmpMgr.h">
      <Filter>98.Design\BmpMgr</Filter>
    </ClInclude>
    <ClInclude Include="MyBmp.h">
      <Filter>12.MyBmp</Filter>
    </ClInclude>
    <ClInclude Include="HSObj.h">
      <Filter>04.StageHS\HSObj</Filter>
    </ClInclude>
    <ClInclude Include="UIMgr.h">
      <Filter>04.StageHS\HSUI\UIMgr</Filter>
    </ClInclude>
    <ClInclude Include="HSUI.h">
      <Filter>04.StageHS\HSUI</Filter>
    </ClInclude>
    <ClInclude Include="GunTower.h">
      <Filter>04.StageHS\HSObj\HSTower</Filter>
    </ClInclude>
    <ClInclude Include="HSMonster.h">
      <Filter>04.StageHS\HSObj\HSMonster</Filter>
    </ClInclude>
    <ClInclude Include="HSBullet.h">
      <Filter>04.StageHS\HSObj\HSBullet</Filter>
    </ClInclude>
    <ClInclude Include="GHPlayer.h">
      <Filter>02.StageGH\GHObj\GHPlayer</Filter>
    </ClInclude>
    <ClInclude Include="GHObj.h">
      <Filter>02.StageGH\GHObj</Filter>
    </ClInclude>
    <ClInclude Include="ObjYM.h">
      <Filter>03.StageYM\ObjYM</Filter>
    </ClInclude>
    <ClInclude Include="YMPlayer.h">
      <Filter>03.StageYM\YMObj\YMPlayer</Filter>
    </ClInclude>
    <ClInclude Include="YMMonster.h">
      <Filter>03.StageYM\YMObj\YMMonster</Filter>
    </ClInclude>
    <ClInclude Include="GHPlayer.h">
      <Filter>02.StageGH\GHObj\GHPlayer</Filter>
    </ClInclude>
    <ClInclude Include="GHObj.h">
      <Filter>02.StageGH\GHObj</Filter>
    </ClInclude>
    <ClInclude Include="ObjYM.h">
      <Filter>03.StageYM\ObjYM</Filter>
    </ClInclude>
    <ClInclude Include="YMPlayer.h">
      <Filter>03.StageYM\YMObj\YMPlayer</Filter>
    </ClInclude>
    <ClInclude Include="YMMonster.h">
      <Filter>03.StageYM\YMObj\YMMonster</Filter>
    </ClInclude>
    <ClInclude Include="GHFloar.h">
      <Filter>02.StageGH\GHObj\GHFloar</Filter>
    </ClInclude>
    <ClInclude Include="LineMgr.h">
      <Filter>04.StageHS\LineMgr</Filter>
    </ClInclude>
    <ClInclude Include="Line.h">
      <Filter>04.StageHS\Line</Filter>
    </ClInclude>
    <ClInclude Include="StageEdit.h">
      <Filter>04.StageHS</Filter>
    </ClInclude>
    <ClInclude Include="GHFloar.h">
      <Filter>02.StageGH\GHObj\GHFloar</Filter>
    </ClInclude>
    <ClInclude Include="TowerUI.h">
      <Filter>04.StageHS\HSObj\HSUI</Filter>
    </ClInclude>
  </ItemGroup>
  <ItemGroup>
    <ClCompile Include="Default.cpp">
      <Filter>소스 파일</Filter>
    </ClCompile>
    <ClCompile Include="MainGame.cpp">
      <Filter>00. MainGame</Filter>
    </ClCompile>
    <ClCompile Include="Player.cpp">
      <Filter>01.StageST\STObj\STPlayer</Filter>
    </ClCompile>
    <ClCompile Include="Monster.cpp">
      <Filter>01.StageST\STObj\STMonster</Filter>
    </ClCompile>
    <ClCompile Include="Obj.cpp">
      <Filter>10.Obj</Filter>
    </ClCompile>
    <ClCompile Include="ObjMgr.cpp">
      <Filter>98.Design\ObjMgr</Filter>
    </ClCompile>
    <ClCompile Include="CollisionMgr.cpp">
      <Filter>98.Design\CollisionMgr</Filter>
    </ClCompile>
    <ClCompile Include="SceneMgr.cpp">
      <Filter>98.Design\SceneMgr</Filter>
    </ClCompile>
    <ClCompile Include="StageST.cpp">
      <Filter>01.StageST</Filter>
    </ClCompile>
    <ClCompile Include="Scene.cpp">
      <Filter>11.Scene</Filter>
    </ClCompile>
    <ClCompile Include="KeyMgr.cpp">
      <Filter>98.Design\KeyMgr</Filter>
    </ClCompile>
    <ClCompile Include="ScrollMgr.cpp">
      <Filter>98.Design\ScrollMgr</Filter>
    </ClCompile>
    <ClCompile Include="SoundMgr.cpp">
      <Filter>98.Design\SoundMgr</Filter>
    </ClCompile>
    <ClCompile Include="StageSelect.cpp">
      <Filter>00.StageSelect</Filter>
    </ClCompile>
    <ClCompile Include="StageGH.cpp">
      <Filter>02.StageGH</Filter>
    </ClCompile>
    <ClCompile Include="StageYM.cpp">
      <Filter>03.StageYM</Filter>
    </ClCompile>
    <ClCompile Include="StageHS.cpp">
      <Filter>04.StageHS</Filter>
    </ClCompile>
    <ClCompile Include="StageHR.cpp">
      <Filter>05.StageHR</Filter>
    </ClCompile>
    <ClCompile Include="SelectPlayer.cpp">
      <Filter>00.StageSelect\SelectObj\SelectPlayer</Filter>
    </ClCompile>
    <ClCompile Include="SelectMonster.cpp">
      <Filter>00.StageSelect\SelectObj\SelectMonster</Filter>
    </ClCompile>
    <ClCompile Include="BmpMgr.cpp">
      <Filter>98.Design\BmpMgr</Filter>
    </ClCompile>
    <ClCompile Include="MyBmp.cpp">
      <Filter>12.MyBmp</Filter>
    </ClCompile>
    <ClCompile Include="HSObj.cpp">
      <Filter>04.StageHS\HSObj</Filter>
    </ClCompile>
    <ClCompile Include="UIMgr.cpp">
      <Filter>04.StageHS\HSUI\UIMgr</Filter>
    </ClCompile>
    <ClCompile Include="HSUI.cpp">
      <Filter>04.StageHS\HSUI</Filter>
    </ClCompile>
    <ClCompile Include="GunTower.cpp">
      <Filter>04.StageHS\HSObj\HSTower</Filter>
    </ClCompile>
    <ClCompile Include="HSMonster.cpp">
      <Filter>04.StageHS\HSObj\HSMonster</Filter>
    </ClCompile>
    <ClCompile Include="HSBullet.cpp">
      <Filter>04.StageHS\HSObj\HSBullet</Filter>
    </ClCompile>
    <ClCompile Include="stdafx.cpp">
      <Filter>소스 파일</Filter>
    </ClCompile>
    <ClCompile Include="GHPlayer.cpp">
      <Filter>02.StageGH\GHObj\GHPlayer</Filter>
    </ClCompile>
    <ClCompile Include="GHObj.cpp">
      <Filter>02.StageGH\GHObj</Filter>
    </ClCompile>
    <ClCompile Include="ObjYM.cpp">
      <Filter>03.StageYM\ObjYM</Filter>
    </ClCompile>
    <ClCompile Include="YMPlayer.cpp">
      <Filter>03.StageYM\YMObj\YMPlayer</Filter>
    </ClCompile>
    <ClCompile Include="YMMonster.cpp">
      <Filter>03.StageYM\YMObj\YMMonster</Filter>
    </ClCompile>
    <ClCompile Include="stdafx.cpp">
      <Filter>소스 파일</Filter>
    </ClCompile>
    <ClCompile Include="GHPlayer.cpp">
      <Filter>02.StageGH\GHObj\GHPlayer</Filter>
    </ClCompile>
    <ClCompile Include="GHObj.cpp">
      <Filter>02.StageGH\GHObj</Filter>
    </ClCompile>
    <ClCompile Include="ObjYM.cpp">
      <Filter>03.StageYM\ObjYM</Filter>
    </ClCompile>
    <ClCompile Include="YMPlayer.cpp">
      <Filter>03.StageYM\YMObj\YMPlayer</Filter>
    </ClCompile>
    <ClCompile Include="YMMonster.cpp">
      <Filter>03.StageYM\YMObj\YMMonster</Filter>
    </ClCompile>
    <ClCompile Include="GHFloar.cpp">
      <Filter>02.StageGH\GHObj\GHFloar</Filter>
    </ClCompile>
    <ClCompile Include="LineMgr.cpp">
      <Filter>04.StageHS\LineMgr</Filter>
    </ClCompile>
    <ClCompile Include="Line.cpp">
      <Filter>04.StageHS\Line</Filter>
    </ClCompile>
    <ClCompile Include="StageEdit.cpp">
      <Filter>04.StageHS</Filter>
    </ClCompile>
    <ClCompile Include="GHFloar.cpp">
      <Filter>02.StageGH\GHObj\GHFloar</Filter>
    </ClCompile>
    <ClCompile Include="TowerUI.cpp">
      <Filter>04.StageHS\HSObj\HSUI</Filter>
    </ClCompile>
  </ItemGroup>
  <ItemGroup>
    <ResourceCompile Include="Default.rc">
      <Filter>리소스 파일</Filter>
    </ResourceCompile>
  </ItemGroup>
  <ItemGroup>
    <Image Include="small.ico">
      <Filter>리소스 파일</Filter>
    </Image>
    <Image Include="Default.ico">
      <Filter>리소스 파일</Filter>
    </Image>
  </ItemGroup>
</Project>